Microsoft Visual Studio Solution File, Format Version 12.00
# Visual Studio Version 17
VisualStudioVersion = 17.5.2.0
MinimumVisualStudioVersion = 10.0.40219.1
Project("{2150E333-8FDC-42A3-9474-1A3956D46DE8}") = "doc-rag", "doc-rag", "{586F4AC4-28A5-D83B-A1AC-20371AE4F87D}"
EndProject
Project("{FAE04EC0-301F-11D3-BF4B-00C04F79EFBC}") = "DocRag", "doc-rag\DocRag.csproj", "{20498A06-970C-1DE3-9BEB-52633B51E753}"
EndProject
Global
	GlobalSection(SolutionConfigurationPlatforms) = preSolution
		Debug|Any CPU = Debug|Any CPU
		Release|Any CPU = Release|Any CPU
	EndGlobalSection
	GlobalSection(ProjectConfigurationPlatforms) = postSolution
		{20498A06-970C-1DE3-9BEB-52633B51E753}.Debug|Any CPU.ActiveCfg = Debug|Any CPU
		{20498A06-970C-1DE3-9BEB-52633B51E753}.Debug|Any CPU.Build.0 = Debug|Any CPU
		{20498A06-970C-1DE3-9BEB-52633B51E753}.Release|Any CPU.ActiveCfg = Release|Any CPU
		{20498A06-970C-1DE3-9BEB-52633B51E753}.Release|Any CPU.Build.0 = Release|Any CPU
	EndGlobalSection
	GlobalSection(SolutionProperties) = preSolution
		HideSolutionNode = FALSE
	EndGlobalSection
	GlobalSection(NestedProjects) = preSolution
		{20498A06-970C-1DE3-9BEB-52633B51E753} = {586F4AC4-28A5-D83B-A1AC-20371AE4F87D}
	EndGlobalSection
	GlobalSection(ExtensibilityGlobals) = postSolution
		SolutionGuid = {259BF01A-B792-4617-859A-E87C7065A78E}
	EndGlobalSection
EndGlobal
